
Microsoft Visual Studio Solution File, Format Version 12.00
# Visual Studio Version 17
VisualStudioVersion = 17.2.32505.173
MinimumVisualStudioVersion = 10.0.40219.1
Project("{FAE04EC0-301F-11D3-BF4B-00C04F79EFBC}") = "213043_Example01_Lab11", "213043_Example01_Lab11\213043_Example01_Lab11.csproj", "{54F17DAE-38C7-4CCA-A2BC-913DA4A42589}"
EndProject
Global
	GlobalSection(SolutionConfigurationPlatforms) = preSolution
		Debug|Any CPU = Debug|Any CPU
		Release|Any CPU = Release|Any CPU
	EndGlobalSection
	GlobalSection(ProjectConfigurationPlatforms) = postSolution
		{54F17DAE-38C7-4CCA-A2BC-913DA4A42589}.Debug|Any CPU.ActiveCfg = Debug|Any CPU
		{54F17DAE-38C7-4CCA-A2BC-913DA4A42589}.Debug|Any CPU.Build.0 = Debug|Any CPU
		{54F17DAE-38C7-4CCA-A2BC-913DA4A42589}.Release|Any CPU.ActiveCfg = Release|Any CPU
		{54F17DAE-38C7-4CCA-A2BC-913DA4A42589}.Release|Any CPU.Build.0 = Release|Any CPU
	EndGlobalSection
	GlobalSection(SolutionProperties) = preSolution
		HideSolutionNode = FALSE
	EndGlobalSection
	GlobalSection(ExtensibilityGlobals) = postSolution
		SolutionGuid = {3037D9E7-345A-49C3-99FA-EC4591CF5261}
	EndGlobalSection
EndGlobal
